
Microsoft Visual Studio Solution File, Format Version 12.00
# Visual Studio 15
VisualStudioVersion = 15.0.28307.572
MinimumVisualStudioVersion = 10.0.40219.1
Project("{FAE04EC0-301F-11D3-BF4B-00C04F79EFBC}") = "WebApplication2", "WebApplication2\WebApplication2.csproj", "{4E801C06-B44A-4E34-BE08-E2BA4C4EDC5A}"
EndProject
Global
	GlobalSection(SolutionConfigurationPlatforms) = preSolution
		Debug|Any CPU = Debug|Any CPU
		Release|Any CPU = Release|Any CPU
	EndGlobalSection
	GlobalSection(ProjectConfigurationPlatforms) = postSolution
		{4E801C06-B44A-4E34-BE08-E2BA4C4EDC5A}.Debug|Any CPU.ActiveCfg = Debug|Any CPU
		{4E801C06-B44A-4E34-BE08-E2BA4C4EDC5A}.Debug|Any CPU.Build.0 = Debug|Any CPU
		{4E801C06-B44A-4E34-BE08-E2BA4C4EDC5A}.Release|Any CPU.ActiveCfg = Release|Any CPU
		{4E801C06-B44A-4E34-BE08-E2BA4C4EDC5A}.Release|Any CPU.Build.0 = Release|Any CPU
	EndGlobalSection
	GlobalSection(SolutionProperties) = preSolution
		HideSolutionNode = FALSE
	EndGlobalSection
	GlobalSection(ExtensibilityGlobals) = postSolution
		SolutionGuid = {4E009006-41B4-456B-981F-124CC4698D6B}
	EndGlobalSection
EndGlobal
